
Microsoft Visual Studio Solution File, Format Version 12.00
# Visual Studio Version 16
VisualStudioVersion = 16.0.29806.167
MinimumVisualStudioVersion = 10.0.40219.1
Project("{FAE04EC0-301F-11D3-BF4B-00C04F79EFBC}") = "BlogApp.WebUI", "BlogApp.WebUI\BlogApp.WebUI.csproj", "{CE3F2AE6-E20F-4F99-B0EA-8F6DE0300900}"
EndProject
Project("{FAE04EC0-301F-11D3-BF4B-00C04F79EFBC}") = "BlogApp.Entity", "BlogApp.Entity\BlogApp.Entity.csproj", "{B40E5AEE-FB63-4005-951D-DE97AD00CACD}"
EndProject
Project("{FAE04EC0-301F-11D3-BF4B-00C04F79EFBC}") = "BlogApp.Data", "BlogApp.Data\BlogApp.Data.csproj", "{7ABF69B0-D414-4AC9-A8DA-486C5D5C32EC}"
EndProject
Global
	GlobalSection(SolutionConfigurationPlatforms) = preSolution
		Debug|Any CPU = Debug|Any CPU
		Release|Any CPU = Release|Any CPU
	EndGlobalSection
	GlobalSection(ProjectConfigurationPlatforms) = postSolution
		{CE3F2AE6-E20F-4F99-B0EA-8F6DE0300900}.Debug|Any CPU.ActiveCfg = Debug|Any CPU
		{CE3F2AE6-E20F-4F99-B0EA-8F6DE0300900}.Debug|Any CPU.Build.0 = Debug|Any CPU
		{CE3F2AE6-E20F-4F99-B0EA-8F6DE0300900}.Release|Any CPU.ActiveCfg = Release|Any CPU
		{CE3F2AE6-E20F-4F99-B0EA-8F6DE0300900}.Release|Any CPU.Build.0 = Release|Any CPU
		{B40E5AEE-FB63-4005-951D-DE97AD00CACD}.Debug|Any CPU.ActiveCfg = Debug|Any CPU
		{B40E5AEE-FB63-4005-951D-DE97AD00CACD}.Debug|Any CPU.Build.0 = Debug|Any CPU
		{B40E5AEE-FB63-4005-951D-DE97AD00CACD}.Release|Any CPU.ActiveCfg = Release|Any CPU
		{B40E5AEE-FB63-4005-951D-DE97AD00CACD}.Release|Any CPU.Build.0 = Release|Any CPU
		{7ABF69B0-D414-4AC9-A8DA-486C5D5C32EC}.Debug|Any CPU.ActiveCfg = Debug|Any CPU
		{7ABF69B0-D414-4AC9-A8DA-486C5D5C32EC}.Debug|Any CPU.Build.0 = Debug|Any CPU
		{7ABF69B0-D414-4AC9-A8DA-486C5D5C32EC}.Release|Any CPU.ActiveCfg = Release|Any CPU
		{7ABF69B0-D414-4AC9-A8DA-486C5D5C32EC}.Release|Any CPU.Build.0 = Release|Any CPU
	EndGlobalSection
	GlobalSection(SolutionProperties) = preSolution
		HideSolutionNode = FALSE
	EndGlobalSection
	GlobalSection(ExtensibilityGlobals) = postSolution
		SolutionGuid = {BB1CC8B2-D9BA-4CB5-BFF9-CAB5CF5FCBE4}
	EndGlobalSection
EndGlobal
